
Microsoft Visual Studio Solution File, Format Version 12.00
# Visual Studio 14
VisualStudioVersion = 14.0.25420.1
MinimumVisualStudioVersion = 10.0.40219.1
Project("{FAE04EC0-301F-11D3-BF4B-00C04F79EFBC}") = "Day3Assignments", "Day3Assignments\Day3Assignments.csproj", "{32500DC1-4737-491F-8690-01DA94B150D1}"
EndProject
Project("{FAE04EC0-301F-11D3-BF4B-00C04F79EFBC}") = "TestSuite", "TestSuite\TestSuite.csproj", "{9AADAB97-0573-4720-8498-35173326D4BC}"
EndProject
Global
	GlobalSection(SolutionConfigurationPlatforms) = preSolution
		Debug|Any CPU = Debug|Any CPU
		Release|Any CPU = Release|Any CPU
	EndGlobalSection
	GlobalSection(ProjectConfigurationPlatforms) = postSolution
		{32500DC1-4737-491F-8690-01DA94B150D1}.Debug|Any CPU.ActiveCfg = Debug|Any CPU
		{32500DC1-4737-491F-8690-01DA94B150D1}.Debug|Any CPU.Build.0 = Debug|Any CPU
		{32500DC1-4737-491F-8690-01DA94B150D1}.Release|Any CPU.ActiveCfg = Release|Any CPU
		{32500DC1-4737-491F-8690-01DA94B150D1}.Release|Any CPU.Build.0 = Release|Any CPU
		{9AADAB97-0573-4720-8498-35173326D4BC}.Debug|Any CPU.ActiveCfg = Debug|Any CPU
		{9AADAB97-0573-4720-8498-35173326D4BC}.Debug|Any CPU.Build.0 = Debug|Any CPU
		{9AADAB97-0573-4720-8498-35173326D4BC}.Release|Any CPU.ActiveCfg = Release|Any CPU
		{9AADAB97-0573-4720-8498-35173326D4BC}.Release|Any CPU.Build.0 = Release|Any CPU
	EndGlobalSection
	GlobalSection(SolutionProperties) = preSolution
		HideSolutionNode = FALSE
	EndGlobalSection
EndGlobal
